// !$*UTF8*$!
{
	archiveVersion = 1;
	classes = {
	};
	objectVersion = 46;
	objects = {

/* Begin PBXBuildFile section */
		3201088596B4756681693705 /* libThree20UICommon.a in Frameworks */ = {isa = PBXBuildFile; fileRef = 3201088596B4756681693704 /* libThree20UICommon.a */; };
		320A2827FEC940B25BC42C65 /* libThree20Core.a in Frameworks */ = {isa = PBXBuildFile; fileRef = 320A2827FEC940B25BC42C64 /* libThree20Core.a */; };
		320A5A189C235877202780D5 /* libThree20Network.a in Frameworks */ = {isa = PBXBuildFile; fileRef = 320A5A189C235877202780D4 /* libThree20Network.a */; };
		320A737074758E53BA54BE95 /* libThree20UINavigator.a in Frameworks */ = {isa = PBXBuildFile; fileRef = 320A737074758E53BA54BE94 /* libThree20UINavigator.a */; };
		320AF8492C47A4D819F7C451 /* QuartzCore.framework in Frameworks */ = {isa = PBXBuildFile; fileRef = 320AF8492C47A4D819F7C450 /* QuartzCore.framework */; };
		320B6C86F11D9990244A9731 /* Three20.bundle in Resources */ = {isa = PBXBuildFile; fileRef = 320B6C86F11D9990244A9730 /* Three20.bundle */; };
		320CC833B8AF0ACFD35E6225 /* libThree20Style.a in Frameworks */ = {isa = PBXBuildFile; fileRef = 320CC833B8AF0ACFD35E6224 /* libThree20Style.a */; };
		320D7DCCE32703ACAB9A45E5 /* libThree20.a in Frameworks */ = {isa = PBXBuildFile; fileRef = 320D7DCCE32703ACAB9A45E4 /* libThree20.a */; };
		320F2C48872C2E2C4DF86205 /* libThree20UI.a in Frameworks */ = {isa = PBXBuildFile; fileRef = 320F2C48872C2E2C4DF86204 /* libThree20UI.a */; };
		FB94122B13DE574500AB0DB7 /* UIKit.framework in Frameworks */ = {isa = PBXBuildFile; fileRef = FB94122A13DE574500AB0DB7 /* UIKit.framework */; };
		FB94122D13DE574500AB0DB7 /* Foundation.framework in Frameworks */ = {isa = PBXBuildFile; fileRef = FB94122C13DE574500AB0DB7 /* Foundation.framework */; };
		FB94122F13DE574500AB0DB7 /* CoreGraphics.framework in Frameworks */ = {isa = PBXBuildFile; fileRef = FB94122E13DE574500AB0DB7 /* CoreGraphics.framework */; };
		FB94123113DE574500AB0DB7 /* CoreData.framework in Frameworks */ = {isa = PBXBuildFile; fileRef = FB94123013DE574500AB0DB7 /* CoreData.framework */; };
		FB94123713DE574500AB0DB7 /* InfoPlist.strings in Resources */ = {isa = PBXBuildFile; fileRef = FB94123513DE574500AB0DB7 /* InfoPlist.strings */; };
		FB94123A13DE574500AB0DB7 /* main.m in Sources */ = {isa = PBXBuildFile; fileRef = FB94123913DE574500AB0DB7 /* main.m */; };
		FB94123D13DE574500AB0DB7 /* NavigationCoordinatorAppAppDelegate.m in Sources */ = {isa = PBXBuildFile; fileRef = FB94123C13DE574500AB0DB7 /* NavigationCoordinatorAppAppDelegate.m */; };
		FB94124013DE574500AB0DB7 /* NavigationCoordinatorApp.xcdatamodeld in Sources */ = {isa = PBXBuildFile; fileRef = FB94123E13DE574500AB0DB7 /* NavigationCoordinatorApp.xcdatamodeld */; };
		FB94124413DE574500AB0DB7 /* NavigationCoordinatorAppAppDelegate_iPhone.m in Sources */ = {isa = PBXBuildFile; fileRef = FB94124313DE574500AB0DB7 /* NavigationCoordinatorAppAppDelegate_iPhone.m */; };
		FB94124713DE574500AB0DB7 /* MainWindow_iPhone.xib in Resources */ = {isa = PBXBuildFile; fileRef = FB94124513DE574500AB0DB7 /* MainWindow_iPhone.xib */; };
		FB94124B13DE574500AB0DB7 /* NavigationCoordinatorAppAppDelegate_iPad.m in Sources */ = {isa = PBXBuildFile; fileRef = FB94124A13DE574500AB0DB7 /* NavigationCoordinatorAppAppDelegate_iPad.m */; };
		FB94124E13DE574500AB0DB7 /* MainWindow_iPad.xib in Resources */ = {isa = PBXBuildFile; fileRef = FB94124C13DE574500AB0DB7 /* MainWindow_iPad.xib */; };
		FB94125513DE574500AB0DB7 /* UIKit.framework in Frameworks */ = {isa = PBXBuildFile; fileRef = FB94122A13DE574500AB0DB7 /* UIKit.framework */; };
		FB94125613DE574500AB0DB7 /* Foundation.framework in Frameworks */ = {isa = PBXBuildFile; fileRef = FB94122C13DE574500AB0DB7 /* Foundation.framework */; };
		FB94125713DE574500AB0DB7 /* CoreGraphics.framework in Frameworks */ = {isa = PBXBuildFile; fileRef = FB94122E13DE574500AB0DB7 /* CoreGraphics.framework */; };
		FB94125813DE574500AB0DB7 /* CoreData.framework in Frameworks */ = {isa = PBXBuildFile; fileRef = FB94123013DE574500AB0DB7 /* CoreData.framework */; };
		FB94126013DE574500AB0DB7 /* InfoPlist.strings in Resources */ = {isa = PBXBuildFile; fileRef = FB94125E13DE574500AB0DB7 /* InfoPlist.strings */; };
		FB94128C13DE57E200AB0DB7 /* LVNavigationCoordinator.m in Sources */ = {isa = PBXBuildFile; fileRef = FB94128613DE57E200AB0DB7 /* LVNavigationCoordinator.m */; };
		FB94128D13DE57E200AB0DB7 /* CatalogController.m in Sources */ = {isa = PBXBuildFile; fileRef = FB94128913DE57E200AB0DB7 /* CatalogController.m */; };
		FB94128E13DE57E200AB0DB7 /* SplitCatalogController.m in Sources */ = {isa = PBXBuildFile; fileRef = FB94128B13DE57E200AB0DB7 /* SplitCatalogController.m */; };
		FB94131D13DE5D7000AB0DB7 /* DetailDummyViewController.m in Sources */ = {isa = PBXBuildFile; fileRef = FB94131B13DE5D7000AB0DB7 /* DetailDummyViewController.m */; };
		FB94131E13DE5D7000AB0DB7 /* DetailDummyViewController.xib in Resources */ = {isa = PBXBuildFile; fileRef = FB94131C13DE5D7000AB0DB7 /* DetailDummyViewController.xib */; };
		FB94132113DE5F5A00AB0DB7 /* LVNavigationCoordinatorFactory.m in Sources */ = {isa = PBXBuildFile; fileRef = FB94132013DE5F5A00AB0DB7 /* LVNavigationCoordinatorFactory.m */; };
		FBDA57E013F4BEAF009F74A9 /* LVNavigationCoordinatorTests.m in Sources */ = {isa = PBXBuildFile; fileRef = FBDA57DC13F4BEAF009F74A9 /* LVNavigationCoordinatorTests.m */; };
		FBDA57E113F4BEAF009F74A9 /* LVSplitControllerTests.m in Sources */ = {isa = PBXBuildFile; fileRef = FBDA57DF13F4BEAF009F74A9 /* LVSplitControllerTests.m */; };
		FBDA57E413F4C081009F74A9 /* LVNavigationState.m in Sources */ = {isa = PBXBuildFile; fileRef = FBDA57E313F4C081009F74A9 /* LVNavigationState.m */; };
		FBDA57E813F4C305009F74A9 /* LVTestNavigationCoordinatorFactory.m in Sources */ = {isa = PBXBuildFile; fileRef = FBDA57E713F4C305009F74A9 /* LVTestNavigationCoordinatorFactory.m */; };
		FBDA57EB13F4C47D009F74A9 /* LVMainTabBarController.m in Sources */ = {isa = PBXBuildFile; fileRef = FBDA57EA13F4C47D009F74A9 /* LVMainTabBarController.m */; };
/* End PBXBuildFile section */

/* Begin PBXContainerItemProxy section */
		3201088596B4756681693702 /* PBXContainerItemProxy */ = {
			isa = PBXContainerItemProxy;
			containerPortal = 3201088596B4756681693700 /* Three20UICommon.xcodeproj */;
			proxyType = 1;
			remoteGlobalIDString = BEF31F390F352DF5000DE5D2;
			remoteInfo = Three20UICommon;
		};
		3201088596B4756681693706 /* PBXContainerItemProxy */ = {
			isa = PBXContainerItemProxy;
			containerPortal = 3201088596B4756681693700 /* Three20UICommon.xcodeproj */;
			proxyType = 2;
			remoteGlobalIDString = BEF31F3A0F352DF5000DE5D2;
			remoteInfo = Three20UICommon;
		};
		320A2827FEC940B25BC42C62 /* PBXContainerItemProxy */ = {
			isa = PBXContainerItemProxy;
			containerPortal = 320A2827FEC940B25BC42C60 /* Three20Core.xcodeproj */;
			proxyType = 1;
			remoteGlobalIDString = BEF31F390F352DF5000DE5D2;
			remoteInfo = Three20Core;
		};
		320A2827FEC940B25BC42C66 /* PBXContainerItemProxy */ = {
			isa = PBXContainerItemProxy;
			containerPortal = 320A2827FEC940B25BC42C60 /* Three20Core.xcodeproj */;
			proxyType = 2;
			remoteGlobalIDString = BEF31F3A0F352DF5000DE5D2;
			remoteInfo = Three20Core;
		};
		320A5A189C235877202780D2 /* PBXContainerItemProxy */ = {
			isa = PBXContainerItemProxy;
			containerPortal = 320A5A189C235877202780D0 /* Three20Network.xcodeproj */;
			proxyType = 1;
			remoteGlobalIDString = BEF31F390F352DF5000DE5D2;
			remoteInfo = Three20Network;
		};
		320A5A189C235877202780D6 /* PBXContainerItemProxy */ = {
			isa = PBXContainerItemProxy;
			containerPortal = 320A5A189C235877202780D0 /* Three20Network.xcodeproj */;
			proxyType = 2;
			remoteGlobalIDString = BEF31F3A0F352DF5000DE5D2;
			remoteInfo = Three20Network;
		};
		320A737074758E53BA54BE92 /* PBXContainerItemProxy */ = {
			isa = PBXContainerItemProxy;
			containerPortal = 320A737074758E53BA54BE90 /* Three20UINavigator.xcodeproj */;
			proxyType = 1;
			remoteGlobalIDString = BEF31F390F352DF5000DE5D2;
			remoteInfo = Three20UINavigator;
		};
		320A737074758E53BA54BE96 /* PBXContainerItemProxy */ = {
			isa = PBXContainerItemProxy;
			containerPortal = 320A737074758E53BA54BE90 /* Three20UINavigator.xcodeproj */;
			proxyType = 2;
			remoteGlobalIDString = BEF31F3A0F352DF5000DE5D2;
			remoteInfo = Three20UINavigator;
		};
		320CC833B8AF0ACFD35E6222 /* PBXContainerItemProxy */ = {
			isa = PBXContainerItemProxy;
			containerPortal = 320CC833B8AF0ACFD35E6220 /* Three20Style.xcodeproj */;
			proxyType = 1;
			remoteGlobalIDString = BEF31F390F352DF5000DE5D2;
			remoteInfo = Three20Style;
		};
		320CC833B8AF0ACFD35E6226 /* PBXContainerItemProxy */ = {
			isa = PBXContainerItemProxy;
			containerPortal = 320CC833B8AF0ACFD35E6220 /* Three20Style.xcodeproj */;
			proxyType = 2;
			remoteGlobalIDString = BEF31F3A0F352DF5000DE5D2;
			remoteInfo = Three20Style;
		};
		320D7DCCE32703ACAB9A45E2 /* PBXContainerItemProxy */ = {
			isa = PBXContainerItemProxy;
			containerPortal = 320D7DCCE32703ACAB9A45E0 /* Three20.xcodeproj */;
			proxyType = 1;
			remoteGlobalIDString = BEF31F390F352DF5000DE5D2;
			remoteInfo = Three20;
		};
		320D7DCCE32703ACAB9A45E6 /* PBXContainerItemProxy */ = {
			isa = PBXContainerItemProxy;
			containerPortal = 320D7DCCE32703ACAB9A45E0 /* Three20.xcodeproj */;
			proxyType = 2;
			remoteGlobalIDString = BEF31F3A0F352DF5000DE5D2;
			remoteInfo = Three20;
		};
		320F2C48872C2E2C4DF86202 /* PBXContainerItemProxy */ = {
			isa = PBXContainerItemProxy;
			containerPortal = 320F2C48872C2E2C4DF86200 /* Three20UI.xcodeproj */;
			proxyType = 1;
			remoteGlobalIDString = BEF31F390F352DF5000DE5D2;
			remoteInfo = Three20UI;
		};
		320F2C48872C2E2C4DF86206 /* PBXContainerItemProxy */ = {
			isa = PBXContainerItemProxy;
			containerPortal = 320F2C48872C2E2C4DF86200 /* Three20UI.xcodeproj */;
			proxyType = 2;
			remoteGlobalIDString = BEF31F3A0F352DF5000DE5D2;
			remoteInfo = Three20UI;
		};
		A91B5EB513F94FCB00167A04 /* PBXContainerItemProxy */ = {
			isa = PBXContainerItemProxy;
			containerPortal = 320D7DCCE32703ACAB9A45E0 /* Three20.xcodeproj */;
			proxyType = 2;
			remoteGlobalIDString = EB9E6C6210B6A8F800DE563C;
			remoteInfo = Three20UnitTests;
		};
		A91B5EB813F94FCB00167A04 /* PBXContainerItemProxy */ = {
			isa = PBXContainerItemProxy;
			containerPortal = 320A2827FEC940B25BC42C60 /* Three20Core.xcodeproj */;
			proxyType = 2;
			remoteGlobalIDString = EB9E6C6210B6A8F800DE563C;
			remoteInfo = Three20CoreUnitTests;
		};
		A91B5EBD13F94FCB00167A04 /* PBXContainerItemProxy */ = {
			isa = PBXContainerItemProxy;
			containerPortal = 320A5A189C235877202780D0 /* Three20Network.xcodeproj */;
			proxyType = 2;
			remoteGlobalIDString = 662D81EF12630516005851C2;
			remoteInfo = "Three20Network-Xcode3.2.5";
		};
		A91B5EBF13F94FCB00167A04 /* PBXContainerItemProxy */ = {
			isa = PBXContainerItemProxy;
			containerPortal = 320A5A189C235877202780D0 /* Three20Network.xcodeproj */;
			proxyType = 2;
			remoteGlobalIDString = EB9E6C6210B6A8F800DE563C;
			remoteInfo = Three20NetworkUnitTests;
		};
		A91B5EC113F94FCB00167A04 /* PBXContainerItemProxy */ = {
			isa = PBXContainerItemProxy;
			containerPortal = 320A5A189C235877202780D0 /* Three20Network.xcodeproj */;
			proxyType = 2;
			remoteGlobalIDString = 662D81B2126304EB005851C2;
			remoteInfo = "Three20NetworkUnitTests-Xcode3.2.5";
		};
		A91B5EC413F94FCB00167A04 /* PBXContainerItemProxy */ = {
			isa = PBXContainerItemProxy;
			containerPortal = 320CC833B8AF0ACFD35E6220 /* Three20Style.xcodeproj */;
			proxyType = 2;
			remoteGlobalIDString = EB9E6C6210B6A8F800DE563C;
			remoteInfo = Three20StyleUnitTests;
		};
		A91B5EC713F94FCB00167A04 /* PBXContainerItemProxy */ = {
			isa = PBXContainerItemProxy;
			containerPortal = 320F2C48872C2E2C4DF86200 /* Three20UI.xcodeproj */;
			proxyType = 2;
			remoteGlobalIDString = EB9E6C6210B6A8F800DE563C;
			remoteInfo = Three20UIUnitTests;
		};
		A91B5ECA13F94FCB00167A04 /* PBXContainerItemProxy */ = {
			isa = PBXContainerItemProxy;
			containerPortal = 3201088596B4756681693700 /* Three20UICommon.xcodeproj */;
			proxyType = 2;
			remoteGlobalIDString = EB9E6C6210B6A8F800DE563C;
			remoteInfo = Three20UICommonUnitTests;
		};
		A91B5ECD13F94FCB00167A04 /* PBXContainerItemProxy */ = {
			isa = PBXContainerItemProxy;
			containerPortal = 320A737074758E53BA54BE90 /* Three20UINavigator.xcodeproj */;
			proxyType = 2;
			remoteGlobalIDString = EB9E6C6210B6A8F800DE563C;
			remoteInfo = Three20UINavigatorUnitTests;
		};
		FB94125913DE574500AB0DB7 /* PBXContainerItemProxy */ = {
			isa = PBXContainerItemProxy;
			containerPortal = FB94121D13DE574500AB0DB7 /* Project object */;
			proxyType = 1;
			remoteGlobalIDString = FB94122513DE574500AB0DB7;
			remoteInfo = NavigationCoordinatorApp;
		};
/* End PBXContainerItemProxy section */

/* Begin PBXFileReference section */
		3201088596B4756681693700 /* Three20UICommon.xcodeproj */ = {isa = PBXFileReference; lastKnownFileType = "wrapper.pb-project"; name = Three20UICommon.xcodeproj; path = ../three20/src/Three20UICommon/Three20UICommon.xcodeproj; sourceTree = SOURCE_ROOT; };
		320A2827FEC940B25BC42C60 /* Three20Core.xcodeproj */ = {isa = PBXFileReference; lastKnownFileType = "wrapper.pb-project"; name = Three20Core.xcodeproj; path = ../three20/src/Three20Core/Three20Core.xcodeproj; sourceTree = SOURCE_ROOT; };
		320A5A189C235877202780D0 /* Three20Network.xcodeproj */ = {isa = PBXFileReference; lastKnownFileType = "wrapper.pb-project"; name = Three20Network.xcodeproj; path = ../three20/src/Three20Network/Three20Network.xcodeproj; sourceTree = SOURCE_ROOT; };
		320A737074758E53BA54BE90 /* Three20UINavigator.xcodeproj */ = {isa = PBXFileReference; lastKnownFileType = "wrapper.pb-project"; name = Three20UINavigator.xcodeproj; path = ../three20/src/Three20UINavigator/Three20UINavigator.xcodeproj; sourceTree = SOURCE_ROOT; };
		320AF8492C47A4D819F7C450 /* QuartzCore.framework */ = {isa = PBXFileReference; lastKnownFileType = wrapper.frameworks; name = QuartzCore.framework; path = System/Library/Frameworks/QuartzCore.framework; sourceTree = SDKROOT; };
		320B6C86F11D9990244A9730 /* Three20.bundle */ = {isa = PBXFileReference; lastKnownFileType = "wrapper.plug-in"; name = Three20.bundle; path = ../three20/src/Three20.bundle; sourceTree = SOURCE_ROOT; };
		320CC833B8AF0ACFD35E6220 /* Three20Style.xcodeproj */ = {isa = PBXFileReference; lastKnownFileType = "wrapper.pb-project"; name = Three20Style.xcodeproj; path = ../three20/src/Three20Style/Three20Style.xcodeproj; sourceTree = SOURCE_ROOT; };
		320D7DCCE32703ACAB9A45E0 /* Three20.xcodeproj */ = {isa = PBXFileReference; lastKnownFileType = "wrapper.pb-project"; name = Three20.xcodeproj; path = ../three20/src/Three20/Three20.xcodeproj; sourceTree = SOURCE_ROOT; };
		320F2C48872C2E2C4DF86200 /* Three20UI.xcodeproj */ = {isa = PBXFileReference; lastKnownFileType = "wrapper.pb-project"; name = Three20UI.xcodeproj; path = ../three20/src/Three20UI/Three20UI.xcodeproj; sourceTree = SOURCE_ROOT; };
		A98D2FD713FAFBE10094C181 /* README.md */ = {isa = PBXFileReference; lastKnownFileType = text; path = README.md; sourceTree = "<group>"; };
		FB94122613DE574500AB0DB7 /* NavigationCoordinatorApp.app */ = {isa = PBXFileReference; explicitFileType = wrapper.application; includeInIndex = 0; path = NavigationCoordinatorApp.app; sourceTree = BUILT_PRODUCTS_DIR; };
		FB94122A13DE574500AB0DB7 /* UIKit.framework */ = {isa = PBXFileReference; lastKnownFileType = wrapper.framework; name = UIKit.framework; path = System/Library/Frameworks/UIKit.framework; sourceTree = SDKROOT; };
		FB94122C13DE574500AB0DB7 /* Foundation.framework */ = {isa = PBXFileReference; lastKnownFileType = wrapper.framework; name = Foundation.framework; path = System/Library/Frameworks/Foundation.framework; sourceTree = SDKROOT; };
		FB94122E13DE574500AB0DB7 /* CoreGraphics.framework */ = {isa = PBXFileReference; lastKnownFileType = wrapper.framework; name = CoreGraphics.framework; path = System/Library/Frameworks/CoreGraphics.framework; sourceTree = SDKROOT; };
		FB94123013DE574500AB0DB7 /* CoreData.framework */ = {isa = PBXFileReference; lastKnownFileType = wrapper.framework; name = CoreData.framework; path = System/Library/Frameworks/CoreData.framework; sourceTree = SDKROOT; };
		FB94123413DE574500AB0DB7 /* NavigationCoordinatorApp-Info.plist */ = {isa = PBXFileReference; lastKnownFileType = text.plist.xml; path = "NavigationCoordinatorApp-Info.plist"; sourceTree = "<group>"; };
		FB94123613DE574500AB0DB7 /* en */ = {isa = PBXFileReference; lastKnownFileType = text.plist.strings; name = en; path = en.lproj/InfoPlist.strings; sourceTree = "<group>"; };
		FB94123813DE574500AB0DB7 /* NavigationCoordinatorApp-Prefix.pch */ = {isa = PBXFileReference; lastKnownFileType = sourcecode.c.h; path = "NavigationCoordinatorApp-Prefix.pch"; sourceTree = "<group>"; };
		FB94123913DE574500AB0DB7 /* main.m */ = {isa = PBXFileReference; lastKnownFileType = sourcecode.c.objc; path = main.m; sourceTree = "<group>"; };
		FB94123B13DE574500AB0DB7 /* NavigationCoordinatorAppAppDelegate.h */ = {isa = PBXFileReference; lastKnownFileType = sourcecode.c.h; path = NavigationCoordinatorAppAppDelegate.h; sourceTree = "<group>"; };
		FB94123C13DE574500AB0DB7 /* NavigationCoordinatorAppAppDelegate.m */ = {isa = PBXFileReference; lastKnownFileType = sourcecode.c.objc; path = NavigationCoordinatorAppAppDelegate.m; sourceTree = "<group>"; };
		FB94123F13DE574500AB0DB7 /* NavigationCoordinatorApp.xcdatamodel */ = {isa = PBXFileReference; lastKnownFileType = wrapper.xcdatamodel; path = NavigationCoordinatorApp.xcdatamodel; sourceTree = "<group>"; };
		FB94124213DE574500AB0DB7 /* NavigationCoordinatorAppAppDelegate_iPhone.h */ = {isa = PBXFileReference; lastKnownFileType = sourcecode.c.h; name = NavigationCoordinatorAppAppDelegate_iPhone.h; path = iPhone/NavigationCoordinatorAppAppDelegate_iPhone.h; sourceTree = "<group>"; };
		FB94124313DE574500AB0DB7 /* NavigationCoordinatorAppAppDelegate_iPhone.m */ = {isa = PBXFileReference; lastKnownFileType = sourcecode.c.objc; name = NavigationCoordinatorAppAppDelegate_iPhone.m; path = iPhone/NavigationCoordinatorAppAppDelegate_iPhone.m; sourceTree = "<group>"; };
		FB94124613DE574500AB0DB7 /* en */ = {isa = PBXFileReference; lastKnownFileType = file.xib; name = en; path = iPhone/en.lproj/MainWindow_iPhone.xib; sourceTree = "<group>"; };
		FB94124913DE574500AB0DB7 /* NavigationCoordinatorAppAppDelegate_iPad.h */ = {isa = PBXFileReference; lastKnownFileType = sourcecode.c.h; name = NavigationCoordinatorAppAppDelegate_iPad.h; path = iPad/NavigationCoordinatorAppAppDelegate_iPad.h; sourceTree = "<group>"; };
		FB94124A13DE574500AB0DB7 /* NavigationCoordinatorAppAppDelegate_iPad.m */ = {isa = PBXFileReference; lastKnownFileType = sourcecode.c.objc; name = NavigationCoordinatorAppAppDelegate_iPad.m; path = iPad/NavigationCoordinatorAppAppDelegate_iPad.m; sourceTree = "<group>"; };
		FB94124D13DE574500AB0DB7 /* en */ = {isa = PBXFileReference; lastKnownFileType = file.xib; name = en; path = iPad/en.lproj/MainWindow_iPad.xib; sourceTree = "<group>"; };
		FB94125413DE574500AB0DB7 /* NavigationCoordinatorAppTests.octest */ = {isa = PBXFileReference; explicitFileType = wrapper.cfbundle; includeInIndex = 0; path = NavigationCoordinatorAppTests.octest; sourceTree = BUILT_PRODUCTS_DIR; };
		FB94125D13DE574500AB0DB7 /* NavigationCoordinatorAppTests-Info.plist */ = {isa = PBXFileReference; lastKnownFileType = text.plist.xml; path = "NavigationCoordinatorAppTests-Info.plist"; sourceTree = "<group>"; };
		FB94125F13DE574500AB0DB7 /* en */ = {isa = PBXFileReference; lastKnownFileType = text.plist.strings; name = en; path = en.lproj/InfoPlist.strings; sourceTree = "<group>"; };
		FB94126113DE574500AB0DB7 /* NavigationCoordinatorAppTests-Prefix.pch */ = {isa = PBXFileReference; lastKnownFileType = sourcecode.c.h; path = "NavigationCoordinatorAppTests-Prefix.pch"; sourceTree = "<group>"; };
		FB94127213DE575500AB0DB7 /* QuartzCore.framework */ = {isa = PBXFileReference; lastKnownFileType = wrapper.framework; name = QuartzCore.framework; path = System/Library/Frameworks/QuartzCore.framework; sourceTree = SDKROOT; };
		FB94128513DE57E200AB0DB7 /* LVNavigationCoordinator.h */ = {isa = PBXFileReference; fileEncoding = 4; lastKnownFileType = sourcecode.c.h; path = LVNavigationCoordinator.h; sourceTree = "<group>"; };
		FB94128613DE57E200AB0DB7 /* LVNavigationCoordinator.m */ = {isa = PBXFileReference; fileEncoding = 4; lastKnownFileType = sourcecode.c.objc; path = LVNavigationCoordinator.m; sourceTree = "<group>"; };
		FB94128813DE57E200AB0DB7 /* CatalogController.h */ = {isa = PBXFileReference; fileEncoding = 4; lastKnownFileType = sourcecode.c.h; path = CatalogController.h; sourceTree = "<group>"; };
		FB94128913DE57E200AB0DB7 /* CatalogController.m */ = {isa = PBXFileReference; fileEncoding = 4; lastKnownFileType = sourcecode.c.objc; path = CatalogController.m; sourceTree = "<group>"; };
		FB94128A13DE57E200AB0DB7 /* SplitCatalogController.h */ = {isa = PBXFileReference; fileEncoding = 4; lastKnownFileType = sourcecode.c.h; path = SplitCatalogController.h; sourceTree = "<group>"; };
		FB94128B13DE57E200AB0DB7 /* SplitCatalogController.m */ = {isa = PBXFileReference; fileEncoding = 4; lastKnownFileType = sourcecode.c.objc; path = SplitCatalogController.m; sourceTree = "<group>"; };
		FB94131A13DE5D7000AB0DB7 /* DetailDummyViewController.h */ = {isa = PBXFileReference; fileEncoding = 4; lastKnownFileType = sourcecode.c.h; path = DetailDummyViewController.h; sourceTree = "<group>"; };
		FB94131B13DE5D7000AB0DB7 /* DetailDummyViewController.m */ = {isa = PBXFileReference; fileEncoding = 4; lastKnownFileType = sourcecode.c.objc; path = DetailDummyViewController.m; sourceTree = "<group>"; };
		FB94131C13DE5D7000AB0DB7 /* DetailDummyViewController.xib */ = {isa = PBXFileReference; fileEncoding = 4; lastKnownFileType = file.xib; path = DetailDummyViewController.xib; sourceTree = "<group>"; };
		FB94131F13DE5F5A00AB0DB7 /* LVNavigationCoordinatorFactory.h */ = {isa = PBXFileReference; fileEncoding = 4; lastKnownFileType = sourcecode.c.h; path = LVNavigationCoordinatorFactory.h; sourceTree = "<group>"; };
		FB94132013DE5F5A00AB0DB7 /* LVNavigationCoordinatorFactory.m */ = {isa = PBXFileReference; fileEncoding = 4; lastKnownFileType = sourcecode.c.objc; path = LVNavigationCoordinatorFactory.m; sourceTree = "<group>"; };
		FBDA57DB13F4BEAF009F74A9 /* LVNavigationCoordinatorTests.h */ = {isa = PBXFileReference; fileEncoding = 4; lastKnownFileType = sourcecode.c.h; path = LVNavigationCoordinatorTests.h; sourceTree = "<group>"; };
		FBDA57DC13F4BEAF009F74A9 /* LVNavigationCoordinatorTests.m */ = {isa = PBXFileReference; fileEncoding = 4; lastKnownFileType = sourcecode.c.objc; path = LVNavigationCoordinatorTests.m; sourceTree = "<group>"; };
		FBDA57DE13F4BEAF009F74A9 /* LVSplitControllerTests.h */ = {isa = PBXFileReference; fileEncoding = 4; lastKnownFileType = sourcecode.c.h; path = LVSplitControllerTests.h; sourceTree = "<group>"; };
		FBDA57DF13F4BEAF009F74A9 /* LVSplitControllerTests.m */ = {isa = PBXFileReference; fileEncoding = 4; lastKnownFileType = sourcecode.c.objc; path = LVSplitControllerTests.m; sourceTree = "<group>"; };
		FBDA57E213F4C081009F74A9 /* LVNavigationState.h */ = {isa = PBXFileReference; fileEncoding = 4; lastKnownFileType = sourcecode.c.h; path = LVNavigationState.h; sourceTree = "<group>"; };
		FBDA57E313F4C081009F74A9 /* LVNavigationState.m */ = {isa = PBXFileReference; fileEncoding = 4; lastKnownFileType = sourcecode.c.objc; path = LVNavigationState.m; sourceTree = "<group>"; };
		FBDA57E613F4C305009F74A9 /* LVTestNavigationCoordinatorFactory.h */ = {isa = PBXFileReference; fileEncoding = 4; lastKnownFileType = sourcecode.c.h; path = LVTestNavigationCoordinatorFactory.h; sourceTree = "<group>"; };
		FBDA57E713F4C305009F74A9 /* LVTestNavigationCoordinatorFactory.m */ = {isa = PBXFileReference; fileEncoding = 4; lastKnownFileType = sourcecode.c.objc; path = LVTestNavigationCoordinatorFactory.m; sourceTree = "<group>"; };
		FBDA57E913F4C47C009F74A9 /* LVMainTabBarController.h */ = {isa = PBXFileReference; fileEncoding = 4; lastKnownFileType = sourcecode.c.h; path = LVMainTabBarController.h; sourceTree = "<group>"; };
		FBDA57EA13F4C47D009F74A9 /* LVMainTabBarController.m */ = {isa = PBXFileReference; fileEncoding = 4; lastKnownFileType = sourcecode.c.objc; path = LVMainTabBarController.m; sourceTree = "<group>"; };
/* End PBXFileReference section */

/* Begin PBXFrameworksBuildPhase section */
		FB94122313DE574500AB0DB7 /* Frameworks */ = {
			isa = PBXFrameworksBuildPhase;
			buildActionMask = 2147483647;
			files = (
				3201088596B4756681693705 /* libThree20UICommon.a in Frameworks */,
				320D7DCCE32703ACAB9A45E5 /* libThree20.a in Frameworks */,
				320A737074758E53BA54BE95 /* libThree20UINavigator.a in Frameworks */,
				320A2827FEC940B25BC42C65 /* libThree20Core.a in Frameworks */,
				320F2C48872C2E2C4DF86205 /* libThree20UI.a in Frameworks */,
				320AF8492C47A4D819F7C451 /* QuartzCore.framework in Frameworks */,
				320A5A189C235877202780D5 /* libThree20Network.a in Frameworks */,
				320CC833B8AF0ACFD35E6225 /* libThree20Style.a in Frameworks */,
				FB94122B13DE574500AB0DB7 /* UIKit.framework in Frameworks */,
				FB94122D13DE574500AB0DB7 /* Foundation.framework in Frameworks */,
				FB94122F13DE574500AB0DB7 /* CoreGraphics.framework in Frameworks */,
				FB94123113DE574500AB0DB7 /* CoreData.framework in Frameworks */,
			);
			runOnlyForDeploymentPostprocessing = 0;
		};
		FB94125013DE574500AB0DB7 /* Frameworks */ = {
			isa = PBXFrameworksBuildPhase;
			buildActionMask = 2147483647;
			files = (
				FB94125513DE574500AB0DB7 /* UIKit.framework in Frameworks */,
				FB94125613DE574500AB0DB7 /* Foundation.framework in Frameworks */,
				FB94125713DE574500AB0DB7 /* CoreGraphics.framework in Frameworks */,
				FB94125813DE574500AB0DB7 /* CoreData.framework in Frameworks */,
			);
			runOnlyForDeploymentPostprocessing = 0;
		};
/* End PBXFrameworksBuildPhase section */

/* Begin PBXGroup section */
		3201088596B4756681693703 /* Products */ = {
			isa = PBXGroup;
			children = (
				3201088596B4756681693704 /* libThree20UICommon.a */,
				A91B5ECB13F94FCB00167A04 /* UICommonUnitTests.octest */,
			);
			name = Products;
			sourceTree = "<group>";
		};
		320A2827FEC940B25BC42C63 /* Products */ = {
			isa = PBXGroup;
			children = (
				320A2827FEC940B25BC42C64 /* libThree20Core.a */,
				A91B5EB913F94FCB00167A04 /* CoreUnitTests.octest */,
			);
			name = Products;
			sourceTree = "<group>";
		};
		320A5A189C235877202780D3 /* Products */ = {
			isa = PBXGroup;
			children = (
				320A5A189C235877202780D4 /* libThree20Network.a */,
				A91B5EBE13F94FCB00167A04 /* libThree20Network-Xcode3.2.5.a */,
				A91B5EC013F94FCB00167A04 /* NetworkUnitTests.octest */,
				A91B5EC213F94FCB00167A04 /* NetworkUnitTests-Xcode3.2.5.octest */,
			);
			name = Products;
			sourceTree = "<group>";
		};
		320A737074758E53BA54BE93 /* Products */ = {
			isa = PBXGroup;
			children = (
				320A737074758E53BA54BE94 /* libThree20UINavigator.a */,
				A91B5ECE13F94FCB00167A04 /* UINavigatorUnitTests.octest */,
			);
			name = Products;
			sourceTree = "<group>";
		};
		320CC833B8AF0ACFD35E6223 /* Products */ = {
			isa = PBXGroup;
			children = (
				320CC833B8AF0ACFD35E6224 /* libThree20Style.a */,
				A91B5EC513F94FCB00167A04 /* StyleUnitTests.octest */,
			);
			name = Products;
			sourceTree = "<group>";
		};
		320D7DCCE32703ACAB9A45E3 /* Products */ = {
			isa = PBXGroup;
			children = (
				320D7DCCE32703ACAB9A45E4 /* libThree20.a */,
				A91B5EB613F94FCB00167A04 /* Three20UnitTests.octest */,
			);
			name = Products;
			sourceTree = "<group>";
		};
		320F2C48872C2E2C4DF86203 /* Products */ = {
			isa = PBXGroup;
			children = (
				320F2C48872C2E2C4DF86204 /* libThree20UI.a */,
				A91B5EC813F94FCB00167A04 /* UIUnitTests.octest */,
			);
			name = Products;
			sourceTree = "<group>";
		};
		FB94121B13DE574500AB0DB7 = {
			isa = PBXGroup;
			children = (
				A98D2FD713FAFBE10094C181 /* README.md */,
				FB94123213DE574500AB0DB7 /* NavigationCoordinatorApp */,
				FB94125B13DE574500AB0DB7 /* NavigationCoordinatorAppTests */,
				FB94122913DE574500AB0DB7 /* Frameworks */,
				FB94122713DE574500AB0DB7 /* Products */,
			);
			sourceTree = "<group>";
		};
		FB94122713DE574500AB0DB7 /* Products */ = {
			isa = PBXGroup;
			children = (
				FB94122613DE574500AB0DB7 /* NavigationCoordinatorApp.app */,
				FB94125413DE574500AB0DB7 /* NavigationCoordinatorAppTests.octest */,
			);
			name = Products;
			sourceTree = "<group>";
		};
		FB94122913DE574500AB0DB7 /* Frameworks */ = {
			isa = PBXGroup;
			children = (
				3201088596B4756681693700 /* Three20UICommon.xcodeproj */,
				320D7DCCE32703ACAB9A45E0 /* Three20.xcodeproj */,
				320A737074758E53BA54BE90 /* Three20UINavigator.xcodeproj */,
				320A2827FEC940B25BC42C60 /* Three20Core.xcodeproj */,
				320F2C48872C2E2C4DF86200 /* Three20UI.xcodeproj */,
				320AF8492C47A4D819F7C450 /* QuartzCore.framework */,
				320A5A189C235877202780D0 /* Three20Network.xcodeproj */,
				320CC833B8AF0ACFD35E6220 /* Three20Style.xcodeproj */,
				FB94127213DE575500AB0DB7 /* QuartzCore.framework */,
				FB94122A13DE574500AB0DB7 /* UIKit.framework */,
				FB94122C13DE574500AB0DB7 /* Foundation.framework */,
				FB94122E13DE574500AB0DB7 /* CoreGraphics.framework */,
				FB94123013DE574500AB0DB7 /* CoreData.framework */,
			);
			name = Frameworks;
			sourceTree = "<group>";
		};
		FB94123213DE574500AB0DB7 /* NavigationCoordinatorApp */ = {
			isa = PBXGroup;
			children = (
				FB94128313DE57E200AB0DB7 /* Classes */,
				FB94123B13DE574500AB0DB7 /* NavigationCoordinatorAppAppDelegate.h */,
				FB94123C13DE574500AB0DB7 /* NavigationCoordinatorAppAppDelegate.m */,
				FB94123E13DE574500AB0DB7 /* NavigationCoordinatorApp.xcdatamodeld */,
				FB94124113DE574500AB0DB7 /* iPhone */,
				FB94124813DE574500AB0DB7 /* iPad */,
				FB94123313DE574500AB0DB7 /* Supporting Files */,
			);
			path = NavigationCoordinatorApp;
			sourceTree = "<group>";
		};
		FB94123313DE574500AB0DB7 /* Supporting Files */ = {
			isa = PBXGroup;
			children = (
				320B6C86F11D9990244A9730 /* Three20.bundle */,
				FB94123413DE574500AB0DB7 /* NavigationCoordinatorApp-Info.plist */,
				FB94123513DE574500AB0DB7 /* InfoPlist.strings */,
				FB94123813DE574500AB0DB7 /* NavigationCoordinatorApp-Prefix.pch */,
				FB94123913DE574500AB0DB7 /* main.m */,
			);
			name = "Supporting Files";
			sourceTree = "<group>";
		};
		FB94124113DE574500AB0DB7 /* iPhone */ = {
			isa = PBXGroup;
			children = (
				FB94124213DE574500AB0DB7 /* NavigationCoordinatorAppAppDelegate_iPhone.h */,
				FB94124313DE574500AB0DB7 /* NavigationCoordinatorAppAppDelegate_iPhone.m */,
				FB94124513DE574500AB0DB7 /* MainWindow_iPhone.xib */,
			);
			name = iPhone;
			sourceTree = "<group>";
		};
		FB94124813DE574500AB0DB7 /* iPad */ = {
			isa = PBXGroup;
			children = (
				FB94124913DE574500AB0DB7 /* NavigationCoordinatorAppAppDelegate_iPad.h */,
				FB94124A13DE574500AB0DB7 /* NavigationCoordinatorAppAppDelegate_iPad.m */,
				FB94124C13DE574500AB0DB7 /* MainWindow_iPad.xib */,
			);
			name = iPad;
			sourceTree = "<group>";
		};
		FB94125B13DE574500AB0DB7 /* NavigationCoordinatorAppTests */ = {
			isa = PBXGroup;
			children = (
				FBDA57D913F4BEAF009F74A9 /* TestClasses */,
				FB94125C13DE574500AB0DB7 /* Supporting Files */,
			);
			path = NavigationCoordinatorAppTests;
			sourceTree = "<group>";
		};
		FB94125C13DE574500AB0DB7 /* Supporting Files */ = {
			isa = PBXGroup;
			children = (
				FB94125D13DE574500AB0DB7 /* NavigationCoordinatorAppTests-Info.plist */,
				FB94125E13DE574500AB0DB7 /* InfoPlist.strings */,
				FB94126113DE574500AB0DB7 /* NavigationCoordinatorAppTests-Prefix.pch */,
			);
			name = "Supporting Files";
			sourceTree = "<group>";
		};
		FB94128313DE57E200AB0DB7 /* Classes */ = {
			isa = PBXGroup;
			children = (
				FB94128413DE57E200AB0DB7 /* Navigation */,
				FB94128713DE57E200AB0DB7 /* ViewControllers */,
				FB94131F13DE5F5A00AB0DB7 /* LVNavigationCoordinatorFactory.h */,
				FB94132013DE5F5A00AB0DB7 /* LVNavigationCoordinatorFactory.m */,
			);
			path = Classes;
			sourceTree = "<group>";
		};
		FB94128413DE57E200AB0DB7 /* Navigation */ = {
			isa = PBXGroup;
			children = (
				FB94128513DE57E200AB0DB7 /* LVNavigationCoordinator.h */,
				FB94128613DE57E200AB0DB7 /* LVNavigationCoordinator.m */,
				FBDA57E213F4C081009F74A9 /* LVNavigationState.h */,
				FBDA57E313F4C081009F74A9 /* LVNavigationState.m */,
			);
			path = Navigation;
			sourceTree = "<group>";
		};
		FB94128713DE57E200AB0DB7 /* ViewControllers */ = {
			isa = PBXGroup;
			children = (
				FB94128813DE57E200AB0DB7 /* CatalogController.h */,
				FB94128913DE57E200AB0DB7 /* CatalogController.m */,
				FB94128A13DE57E200AB0DB7 /* SplitCatalogController.h */,
				FB94128B13DE57E200AB0DB7 /* SplitCatalogController.m */,
				FB94131A13DE5D7000AB0DB7 /* DetailDummyViewController.h */,
				FB94131B13DE5D7000AB0DB7 /* DetailDummyViewController.m */,
				FB94131C13DE5D7000AB0DB7 /* DetailDummyViewController.xib */,
				FBDA57E913F4C47C009F74A9 /* LVMainTabBarController.h */,
				FBDA57EA13F4C47D009F74A9 /* LVMainTabBarController.m */,
			);
			path = ViewControllers;
			sourceTree = "<group>";
		};
		FBDA57D913F4BEAF009F74A9 /* TestClasses */ = {
			isa = PBXGroup;
			children = (
				FBDA57DA13F4BEAF009F74A9 /* Navigation */,
				FBDA57DD13F4BEAF009F74A9 /* ViewControllers */,
			);
			path = TestClasses;
			sourceTree = "<group>";
		};
		FBDA57DA13F4BEAF009F74A9 /* Navigation */ = {
			isa = PBXGroup;
			children = (
				FBDA57DB13F4BEAF009F74A9 /* LVNavigationCoordinatorTests.h */,
				FBDA57DC13F4BEAF009F74A9 /* LVNavigationCoordinatorTests.m */,
				FBDA57E613F4C305009F74A9 /* LVTestNavigationCoordinatorFactory.h */,
				FBDA57E713F4C305009F74A9 /* LVTestNavigationCoordinatorFactory.m */,
			);
			path = Navigation;
			sourceTree = "<group>";
		};
		FBDA57DD13F4BEAF009F74A9 /* ViewControllers */ = {
			isa = PBXGroup;
			children = (
				FBDA57DE13F4BEAF009F74A9 /* LVSplitControllerTests.h */,
				FBDA57DF13F4BEAF009F74A9 /* LVSplitControllerTests.m */,
			);
			path = ViewControllers;
			sourceTree = "<group>";
		};
/* End PBXGroup section */

/* Begin PBXNativeTarget section */
		FB94122513DE574500AB0DB7 /* NavigationCoordinatorApp */ = {
			isa = PBXNativeTarget;
			buildConfigurationList = FB94126813DE574500AB0DB7 /* Build configuration list for PBXNativeTarget "NavigationCoordinatorApp" */;
			buildPhases = (
				FB94122213DE574500AB0DB7 /* Sources */,
				FB94122313DE574500AB0DB7 /* Frameworks */,
				FB94122413DE574500AB0DB7 /* Resources */,
			);
			buildRules = (
			);
			dependencies = (
				3201088596B4756681693701 /* PBXTargetDependency */,
				320D7DCCE32703ACAB9A45E1 /* PBXTargetDependency */,
				320A737074758E53BA54BE91 /* PBXTargetDependency */,
				320A2827FEC940B25BC42C61 /* PBXTargetDependency */,
				320F2C48872C2E2C4DF86201 /* PBXTargetDependency */,
				320A5A189C235877202780D1 /* PBXTargetDependency */,
				320CC833B8AF0ACFD35E6221 /* PBXTargetDependency */,
			);
			name = NavigationCoordinatorApp;
			productName = NavigationCoordinatorApp;
			productReference = FB94122613DE574500AB0DB7 /* NavigationCoordinatorApp.app */;
			productType = "com.apple.product-type.application";
		};
		FB94125313DE574500AB0DB7 /* NavigationCoordinatorAppTests */ = {
			isa = PBXNativeTarget;
			buildConfigurationList = FB94126B13DE574500AB0DB7 /* Build configuration list for PBXNativeTarget "NavigationCoordinatorAppTests" */;
			buildPhases = (
				FB94124F13DE574500AB0DB7 /* Sources */,
				FB94125013DE574500AB0DB7 /* Frameworks */,
				FB94125113DE574500AB0DB7 /* Resources */,
				FB94125213DE574500AB0DB7 /* ShellScript */,
			);
			buildRules = (
			);
			dependencies = (
				FB94125A13DE574500AB0DB7 /* PBXTargetDependency */,
			);
			name = NavigationCoordinatorAppTests;
			productName = NavigationCoordinatorAppTests;
			productReference = FB94125413DE574500AB0DB7 /* NavigationCoordinatorAppTests.octest */;
			productType = "com.apple.product-type.bundle";
		};
/* End PBXNativeTarget section */

/* Begin PBXProject section */
		FB94121D13DE574500AB0DB7 /* Project object */ = {
			isa = PBXProject;
			attributes = {
				LastUpgradeCheck = 0410;
				ORGANIZATIONNAME = "LeVous, LLC";
			};
			buildConfigurationList = FB94122013DE574500AB0DB7 /* Build configuration list for PBXProject "NavigationCoordinatorApp" */;
			compatibilityVersion = "Xcode 3.2";
			developmentRegion = English;
			hasScannedForEncodings = 0;
			knownRegions = (
				en,
			);
			mainGroup = FB94121B13DE574500AB0DB7;
			productRefGroup = FB94122713DE574500AB0DB7 /* Products */;
			projectDirPath = "";
			projectReferences = (
				{
					ProductGroup = 320D7DCCE32703ACAB9A45E3 /* Products */;
					ProjectRef = 320D7DCCE32703ACAB9A45E0 /* Three20.xcodeproj */;
				},
				{
					ProductGroup = 320A2827FEC940B25BC42C63 /* Products */;
					ProjectRef = 320A2827FEC940B25BC42C60 /* Three20Core.xcodeproj */;
				},
				{
					ProductGroup = 320A5A189C235877202780D3 /* Products */;
					ProjectRef = 320A5A189C235877202780D0 /* Three20Network.xcodeproj */;
				},
				{
					ProductGroup = 320CC833B8AF0ACFD35E6223 /* Products */;
					ProjectRef = 320CC833B8AF0ACFD35E6220 /* Three20Style.xcodeproj */;
				},
				{
					ProductGroup = 320F2C48872C2E2C4DF86203 /* Products */;
					ProjectRef = 320F2C48872C2E2C4DF86200 /* Three20UI.xcodeproj */;
				},
				{
					ProductGroup = 3201088596B4756681693703 /* Products */;
					ProjectRef = 3201088596B4756681693700 /* Three20UICommon.xcodeproj */;
				},
				{
					ProductGroup = 320A737074758E53BA54BE93 /* Products */;
					ProjectRef = 320A737074758E53BA54BE90 /* Three20UINavigator.xcodeproj */;
				},
			);
			projectRoot = "";
			targets = (
				FB94122513DE574500AB0DB7 /* NavigationCoordinatorApp */,
				FB94125313DE574500AB0DB7 /* NavigationCoordinatorAppTests */,
			);
		};
/* End PBXProject section */

/* Begin PBXReferenceProxy section */
		3201088596B4756681693704 /* libThree20UICommon.a */ = {
			isa = PBXReferenceProxy;
			fileType = archive.ar;
			path = libThree20UICommon.a;
			remoteRef = 3201088596B4756681693706 /* PBXContainerItemProxy */;
			sourceTree = BUILT_PRODUCTS_DIR;
		};
		320A2827FEC940B25BC42C64 /* libThree20Core.a */ = {
			isa = PBXReferenceProxy;
			fileType = archive.ar;
			path = libThree20Core.a;
			remoteRef = 320A2827FEC940B25BC42C66 /* PBXContainerItemProxy */;
			sourceTree = BUILT_PRODUCTS_DIR;
		};
		320A5A189C235877202780D4 /* libThree20Network.a */ = {
			isa = PBXReferenceProxy;
			fileType = archive.ar;
			path = libThree20Network.a;
			remoteRef = 320A5A189C235877202780D6 /* PBXContainerItemProxy */;
			sourceTree = BUILT_PRODUCTS_DIR;
		};
		320A737074758E53BA54BE94 /* libThree20UINavigator.a */ = {
			isa = PBXReferenceProxy;
			fileType = archive.ar;
			path = libThree20UINavigator.a;
			remoteRef = 320A737074758E53BA54BE96 /* PBXContainerItemProxy */;
			sourceTree = BUILT_PRODUCTS_DIR;
		};
		320CC833B8AF0ACFD35E6224 /* libThree20Style.a */ = {
			isa = PBXReferenceProxy;
			fileType = archive.ar;
			path = libThree20Style.a;
			remoteRef = 320CC833B8AF0ACFD35E6226 /* PBXContainerItemProxy */;
			sourceTree = BUILT_PRODUCTS_DIR;
		};
		320D7DCCE32703ACAB9A45E4 /* libThree20.a */ = {
			isa = PBXReferenceProxy;
			fileType = archive.ar;
			path = libThree20.a;
			remoteRef = 320D7DCCE32703ACAB9A45E6 /* PBXContainerItemProxy */;
			sourceTree = BUILT_PRODUCTS_DIR;
		};
		320F2C48872C2E2C4DF86204 /* libThree20UI.a */ = {
			isa = PBXReferenceProxy;
			fileType = archive.ar;
			path = libThree20UI.a;
			remoteRef = 320F2C48872C2E2C4DF86206 /* PBXContainerItemProxy */;
			sourceTree = BUILT_PRODUCTS_DIR;
		};
		A91B5EB613F94FCB00167A04 /* Three20UnitTests.octest */ = {
			isa = PBXReferenceProxy;
			fileType = wrapper.cfbundle;
			path = Three20UnitTests.octest;
			remoteRef = A91B5EB513F94FCB00167A04 /* PBXContainerItemProxy */;
			sourceTree = BUILT_PRODUCTS_DIR;
		};
		A91B5EB913F94FCB00167A04 /* CoreUnitTests.octest */ = {
			isa = PBXReferenceProxy;
			fileType = wrapper.cfbundle;
			path = CoreUnitTests.octest;
			remoteRef = A91B5EB813F94FCB00167A04 /* PBXContainerItemProxy */;
			sourceTree = BUILT_PRODUCTS_DIR;
		};
		A91B5EBE13F94FCB00167A04 /* libThree20Network-Xcode3.2.5.a */ = {
			isa = PBXReferenceProxy;
			fileType = archive.ar;
			path = "libThree20Network-Xcode3.2.5.a";
			remoteRef = A91B5EBD13F94FCB00167A04 /* PBXContainerItemProxy */;
			sourceTree = BUILT_PRODUCTS_DIR;
		};
		A91B5EC013F94FCB00167A04 /* NetworkUnitTests.octest */ = {
			isa = PBXReferenceProxy;
			fileType = wrapper.cfbundle;
			path = NetworkUnitTests.octest;
			remoteRef = A91B5EBF13F94FCB00167A04 /* PBXContainerItemProxy */;
			sourceTree = BUILT_PRODUCTS_DIR;
		};
		A91B5EC213F94FCB00167A04 /* NetworkUnitTests-Xcode3.2.5.octest */ = {
			isa = PBXReferenceProxy;
			fileType = wrapper.cfbundle;
			path = "NetworkUnitTests-Xcode3.2.5.octest";
			remoteRef = A91B5EC113F94FCB00167A04 /* PBXContainerItemProxy */;
			sourceTree = BUILT_PRODUCTS_DIR;
		};
		A91B5EC513F94FCB00167A04 /* StyleUnitTests.octest */ = {
			isa = PBXReferenceProxy;
			fileType = wrapper.cfbundle;
			path = StyleUnitTests.octest;
			remoteRef = A91B5EC413F94FCB00167A04 /* PBXContainerItemProxy */;
			sourceTree = BUILT_PRODUCTS_DIR;
		};
		A91B5EC813F94FCB00167A04 /* UIUnitTests.octest */ = {
			isa = PBXReferenceProxy;
			fileType = wrapper.cfbundle;
			path = UIUnitTests.octest;
			remoteRef = A91B5EC713F94FCB00167A04 /* PBXContainerItemProxy */;
			sourceTree = BUILT_PRODUCTS_DIR;
		};
		A91B5ECB13F94FCB00167A04 /* UICommonUnitTests.octest */ = {
			isa = PBXReferenceProxy;
			fileType = wrapper.cfbundle;
			path = UICommonUnitTests.octest;
			remoteRef = A91B5ECA13F94FCB00167A04 /* PBXContainerItemProxy */;
			sourceTree = BUILT_PRODUCTS_DIR;
		};
		A91B5ECE13F94FCB00167A04 /* UINavigatorUnitTests.octest */ = {
			isa = PBXReferenceProxy;
			fileType = wrapper.cfbundle;
			path = UINavigatorUnitTests.octest;
			remoteRef = A91B5ECD13F94FCB00167A04 /* PBXContainerItemProxy */;
			sourceTree = BUILT_PRODUCTS_DIR;
		};
/* End PBXReferenceProxy section */

/* Begin PBXResourcesBuildPhase section */
		FB94122413DE574500AB0DB7 /* Resources */ = {
			isa = PBXResourcesBuildPhase;
			buildActionMask = 2147483647;
			files = (
				320B6C86F11D9990244A9731 /* Three20.bundle in Resources */,
				FB94123713DE574500AB0DB7 /* InfoPlist.strings in Resources */,
				FB94124713DE574500AB0DB7 /* MainWindow_iPhone.xib in Resources */,
				FB94124E13DE574500AB0DB7 /* MainWindow_iPad.xib in Resources */,
				FB94131E13DE5D7000AB0DB7 /* DetailDummyViewController.xib in Resources */,
			);
			runOnlyForDeploymentPostprocessing = 0;
		};
		FB94125113DE574500AB0DB7 /* Resources */ = {
			isa = PBXResourcesBuildPhase;
			buildActionMask = 2147483647;
			files = (
				FB94126013DE574500AB0DB7 /* InfoPlist.strings in Resources */,
			);
			runOnlyForDeploymentPostprocessing = 0;
		};
/* End PBXResourcesBuildPhase section */

/* Begin PBXShellScriptBuildPhase section */
		FB94125213DE574500AB0DB7 /* ShellScript */ = {
			isa = PBXShellScriptBuildPhase;
			buildActionMask = 2147483647;
			files = (
			);
			inputPaths = (
			);
			outputPaths = (
			);
			runOnlyForDeploymentPostprocessing = 0;
			shellPath = /bin/sh;
			shellScript = "# Run the unit tests in this test bundle.\n\"${SYSTEM_DEVELOPER_DIR}/Tools/RunUnitTests\"\n";
		};
/* End PBXShellScriptBuildPhase section */

/* Begin PBXSourcesBuildPhase section */
		FB94122213DE574500AB0DB7 /* Sources */ = {
			isa = PBXSourcesBuildPhase;
			buildActionMask = 2147483647;
			files = (
				FB94123A13DE574500AB0DB7 /* main.m in Sources */,
				FB94123D13DE574500AB0DB7 /* NavigationCoordinatorAppAppDelegate.m in Sources */,
				FB94124013DE574500AB0DB7 /* NavigationCoordinatorApp.xcdatamodeld in Sources */,
				FB94124413DE574500AB0DB7 /* NavigationCoordinatorAppAppDelegate_iPhone.m in Sources */,
				FB94124B13DE574500AB0DB7 /* NavigationCoordinatorAppAppDelegate_iPad.m in Sources */,
				FB94128C13DE57E200AB0DB7 /* LVNavigationCoordinator.m in Sources */,
				FB94128D13DE57E200AB0DB7 /* CatalogController.m in Sources */,
				FB94128E13DE57E200AB0DB7 /* SplitCatalogController.m in Sources */,
				FB94131D13DE5D7000AB0DB7 /* DetailDummyViewController.m in Sources */,
				FB94132113DE5F5A00AB0DB7 /* LVNavigationCoordinatorFactory.m in Sources */,
				FBDA57E413F4C081009F74A9 /* LVNavigationState.m in Sources */,
				FBDA57EB13F4C47D009F74A9 /* LVMainTabBarController.m in Sources */,
			);
			runOnlyForDeploymentPostprocessing = 0;
		};
		FB94124F13DE574500AB0DB7 /* Sources */ = {
			isa = PBXSourcesBuildPhase;
			buildActionMask = 2147483647;
			files = (
				FBDA57E013F4BEAF009F74A9 /* LVNavigationCoordinatorTests.m in Sources */,
				FBDA57E113F4BEAF009F74A9 /* LVSplitControllerTests.m in Sources */,
				FBDA57E813F4C305009F74A9 /* LVTestNavigationCoordinatorFactory.m in Sources */,
			);
			runOnlyForDeploymentPostprocessing = 0;
		};
/* End PBXSourcesBuildPhase section */

/* Begin PBXTargetDependency section */
		3201088596B4756681693701 /* PBXTargetDependency */ = {
			isa = PBXTargetDependency;
			name = Three20UICommon;
			targetProxy = 3201088596B4756681693702 /* PBXContainerItemProxy */;
		};
		320A2827FEC940B25BC42C61 /* PBXTargetDependency */ = {
			isa = PBXTargetDependency;
			name = Three20Core;
			targetProxy = 320A2827FEC940B25BC42C62 /* PBXContainerItemProxy */;
		};
		320A5A189C235877202780D1 /* PBXTargetDependency */ = {
			isa = PBXTargetDependency;
			name = Three20Network;
			targetProxy = 320A5A189C235877202780D2 /* PBXContainerItemProxy */;
		};
		320A737074758E53BA54BE91 /* PBXTargetDependency */ = {
			isa = PBXTargetDependency;
			name = Three20UINavigator;
			targetProxy = 320A737074758E53BA54BE92 /* PBXContainerItemProxy */;
		};
		320CC833B8AF0ACFD35E6221 /* PBXTargetDependency */ = {
			isa = PBXTargetDependency;
			name = Three20Style;
			targetProxy = 320CC833B8AF0ACFD35E6222 /* PBXContainerItemProxy */;
		};
		320D7DCCE32703ACAB9A45E1 /* PBXTargetDependency */ = {
			isa = PBXTargetDependency;
			name = Three20;
			targetProxy = 320D7DCCE32703ACAB9A45E2 /* PBXContainerItemProxy */;
		};
		320F2C48872C2E2C4DF86201 /* PBXTargetDependency */ = {
			isa = PBXTargetDependency;
			name = Three20UI;
			targetProxy = 320F2C48872C2E2C4DF86202 /* PBXContainerItemProxy */;
		};
		FB94125A13DE574500AB0DB7 /* PBXTargetDependency */ = {
			isa = PBXTargetDependency;
			target = FB94122513DE574500AB0DB7 /* NavigationCoordinatorApp */;
			targetProxy = FB94125913DE574500AB0DB7 /* PBXContainerItemProxy */;
		};
/* End PBXTargetDependency section */

/* Begin PBXVariantGroup section */
		FB94123513DE574500AB0DB7 /* InfoPlist.strings */ = {
			isa = PBXVariantGroup;
			children = (
				FB94123613DE574500AB0DB7 /* en */,
			);
			name = InfoPlist.strings;
			sourceTree = "<group>";
		};
		FB94124513DE574500AB0DB7 /* MainWindow_iPhone.xib */ = {
			isa = PBXVariantGroup;
			children = (
				FB94124613DE574500AB0DB7 /* en */,
			);
			name = MainWindow_iPhone.xib;
			sourceTree = "<group>";
		};
		FB94124C13DE574500AB0DB7 /* MainWindow_iPad.xib */ = {
			isa = PBXVariantGroup;
			children = (
				FB94124D13DE574500AB0DB7 /* en */,
			);
			name = MainWindow_iPad.xib;
			sourceTree = "<group>";
		};
		FB94125E13DE574500AB0DB7 /* InfoPlist.strings */ = {
			isa = PBXVariantGroup;
			children = (
				FB94125F13DE574500AB0DB7 /* en */,
			);
			name = InfoPlist.strings;
			sourceTree = "<group>";
		};
/* End PBXVariantGroup section */

/* Begin XCBuildConfiguration section */
		FB94126613DE574500AB0DB7 /* Debug */ = {
			isa = XCBuildConfiguration;
			buildSettings = {
				ARCHS = "$(ARCHS_STANDARD_32_BIT)";
				"CODE_SIGN_IDENTITY[sdk=iphoneos*]" = "iPhone Developer";
				GCC_C_LANGUAGE_STANDARD = gnu99;
				GCC_OPTIMIZATION_LEVEL = 0;
				GCC_PREPROCESSOR_DEFINITIONS = DEBUG;
				GCC_SYMBOLS_PRIVATE_EXTERN = NO;
				GCC_VERSION = com.apple.compilers.llvmgcc42;
				GCC_WARN_ABOUT_RETURN_TYPE = YES;
				GCC_WARN_UNUSED_VARIABLE = YES;
				HEADER_SEARCH_PATHS = (
					"$(BUILT_PRODUCTS_DIR)/../three20",
					"$(BUILT_PRODUCTS_DIR)/../../three20",
				);
				IPHONEOS_DEPLOYMENT_TARGET = 4.3;
				OTHER_LDFLAGS = "-ObjC";
				SDKROOT = iphoneos;
				TARGETED_DEVICE_FAMILY = "1,2";
			};
			name = Debug;
		};
		FB94126713DE574500AB0DB7 /* Release */ = {
			isa = XCBuildConfiguration;
			buildSettings = {
				ARCHS = "$(ARCHS_STANDARD_32_BIT)";
				"CODE_SIGN_IDENTITY[sdk=iphoneos*]" = "iPhone Developer";
				GCC_C_LANGUAGE_STANDARD = gnu99;
				GCC_VERSION = com.apple.compilers.llvmgcc42;
				GCC_WARN_ABOUT_RETURN_TYPE = YES;
				GCC_WARN_UNUSED_VARIABLE = YES;
				HEADER_SEARCH_PATHS = (
					"$(BUILT_PRODUCTS_DIR)/../three20",
					"$(BUILT_PRODUCTS_DIR)/../../three20",
				);
				IPHONEOS_DEPLOYMENT_TARGET = 4.3;
				OTHER_CFLAGS = "-DNS_BLOCK_ASSERTIONS=1";
				OTHER_LDFLAGS = "-ObjC";
				SDKROOT = iphoneos;
				TARGETED_DEVICE_FAMILY = "1,2";
			};
			name = Release;
		};
		FB94126913DE574500AB0DB7 /* Debug */ = {
			isa = XCBuildConfiguration;
			buildSettings = {
				ALWAYS_SEARCH_USER_PATHS = NO;
				COPY_PHASE_STRIP = NO;
				GCC_DYNAMIC_NO_PIC = NO;
				GCC_PRECOMPILE_PREFIX_HEADER = YES;
				GCC_PREFIX_HEADER = "NavigationCoordinatorApp/NavigationCoordinatorApp-Prefix.pch";
				HEADER_SEARCH_PATHS = "$(inherited)";
				INFOPLIST_FILE = "NavigationCoordinatorApp/NavigationCoordinatorApp-Info.plist";
				LIBRARY_SEARCH_PATHS = "$(inherited)";
				OTHER_LDFLAGS = (
					"-ObjC",
					"-all_load",
				);
				PRODUCT_NAME = "$(TARGET_NAME)";
				WRAPPER_EXTENSION = app;
			};
			name = Debug;
		};
		FB94126A13DE574500AB0DB7 /* Release */ = {
			isa = XCBuildConfiguration;
			buildSettings = {
				ALWAYS_SEARCH_USER_PATHS = NO;
				COPY_PHASE_STRIP = YES;
				GCC_PRECOMPILE_PREFIX_HEADER = YES;
				GCC_PREFIX_HEADER = "NavigationCoordinatorApp/NavigationCoordinatorApp-Prefix.pch";
				HEADER_SEARCH_PATHS = "$(inherited)";
				INFOPLIST_FILE = "NavigationCoordinatorApp/NavigationCoordinatorApp-Info.plist";
				LIBRARY_SEARCH_PATHS = "$(inherited)";
				OTHER_LDFLAGS = (
					"-ObjC",
					"-all_load",
				);
				PRODUCT_NAME = "$(TARGET_NAME)";
				VALIDATE_PRODUCT = YES;
				WRAPPER_EXTENSION = app;
			};
			name = Release;
		};
		FB94126C13DE574500AB0DB7 /* Debug */ = {
			isa = XCBuildConfiguration;
			buildSettings = {
				ALWAYS_SEARCH_USER_PATHS = NO;
				BUNDLE_LOADER = "$(BUILT_PRODUCTS_DIR)/NavigationCoordinatorApp.app/NavigationCoordinatorApp";
				FRAMEWORK_SEARCH_PATHS = (
					"$(SDKROOT)/Developer/Library/Frameworks",
					"$(DEVELOPER_LIBRARY_DIR)/Frameworks",
				);
				GCC_PRECOMPILE_PREFIX_HEADER = YES;
				GCC_PREFIX_HEADER = "NavigationCoordinatorAppTests/NavigationCoordinatorAppTests-Prefix.pch";
				HEADER_SEARCH_PATHS = "\"${SRCROOT}/Three20/Products/three20\"";
				INFOPLIST_FILE = "NavigationCoordinatorAppTests/NavigationCoordinatorAppTests-Info.plist";
				OTHER_LDFLAGS = (
					"-framework",
					SenTestingKit,
				);
				PRODUCT_NAME = "$(TARGET_NAME)";
				TEST_HOST = "$(BUNDLE_LOADER)";
				WRAPPER_EXTENSION = octest;
			};
			name = Debug;
		};
		FB94126D13DE574500AB0DB7 /* Release */ = {
			isa = XCBuildConfiguration;
			buildSettings = {
				ALWAYS_SEARCH_USER_PATHS = NO;
				BUNDLE_LOADER = "$(BUILT_PRODUCTS_DIR)/NavigationCoordinatorApp.app/NavigationCoordinatorApp";
				FRAMEWORK_SEARCH_PATHS = (
					"$(SDKROOT)/Developer/Library/Frameworks",
					"$(DEVELOPER_LIBRARY_DIR)/Frameworks",
				);
				GCC_PRECOMPILE_PREFIX_HEADER = YES;
				GCC_PREFIX_HEADER = "NavigationCoordinatorAppTests/NavigationCoordinatorAppTests-Prefix.pch";
				HEADER_SEARCH_PATHS = "\"${SRCROOT}/Three20/Products/three20\"";
				INFOPLIST_FILE = "NavigationCoordinatorAppTests/NavigationCoordinatorAppTests-Info.plist";
				OTHER_LDFLAGS = (
					"-framework",
					SenTestingKit,
				);
				PRODUCT_NAME = "$(TARGET_NAME)";
				TEST_HOST = "$(BUNDLE_LOADER)";
				WRAPPER_EXTENSION = octest;
			};
			name = Release;
		};
/* End XCBuildConfiguration section */

/* Begin XCConfigurationList section */
		FB94122013DE574500AB0DB7 /* Build configuration list for PBXProject "NavigationCoordinatorApp" */ = {
			isa = XCConfigurationList;
			buildConfigurations = (
				FB94126613DE574500AB0DB7 /* Debug */,
				FB94126713DE574500AB0DB7 /* Release */,
			);
			defaultConfigurationIsVisible = 0;
			defaultConfigurationName = Release;
		};
		FB94126813DE574500AB0DB7 /* Build configuration list for PBXNativeTarget "NavigationCoordinatorApp" */ = {
			isa = XCConfigurationList;
			buildConfigurations = (
				FB94126913DE574500AB0DB7 /* Debug */,
				FB94126A13DE574500AB0DB7 /* Release */,
			);
			defaultConfigurationIsVisible = 0;
			defaultConfigurationName = Release;
		};
		FB94126B13DE574500AB0DB7 /* Build configuration list for PBXNativeTarget "NavigationCoordinatorAppTests" */ = {
			isa = XCConfigurationList;
			buildConfigurations = (
				FB94126C13DE574500AB0DB7 /* Debug */,
				FB94126D13DE574500AB0DB7 /* Release */,
			);
			defaultConfigurationIsVisible = 0;
			defaultConfigurationName = Release;
		};
/* End XCConfigurationList section */

/* Begin XCVersionGroup section */
		FB94123E13DE574500AB0DB7 /* NavigationCoordinatorApp.xcdatamodeld */ = {
			isa = XCVersionGroup;
			children = (
				FB94123F13DE574500AB0DB7 /* NavigationCoordinatorApp.xcdatamodel */,
			);
			currentVersion = FB94123F13DE574500AB0DB7 /* NavigationCoordinatorApp.xcdatamodel */;
			path = NavigationCoordinatorApp.xcdatamodeld;
			sourceTree = "<group>";
			versionGroupType = wrapper.xcdatamodel;
		};
/* End XCVersionGroup section */
	};
	rootObject = FB94121D13DE574500AB0DB7 /* Project object */;
}
